
Microsoft Visual Studio Solution File, Format Version 12.00
# Visual Studio Version 17
VisualStudioVersion = 17.7.34024.191
MinimumVisualStudioVersion = 10.0.40219.1
Project("{FAE04EC0-301F-11D3-BF4B-00C04F79EFBC}") = "Lab8", "Lab8.csproj", "{CC8BE17A-4E7B-4514-A518-06695C71F5B9}"
EndProject
Global
	GlobalSection(SolutionConfigurationPlatforms) = preSolution
		Debug|Any CPU = Debug|Any CPU
		Release|Any CPU = Release|Any CPU
	EndGlobalSection
	GlobalSection(ProjectConfigurationPlatforms) = postSolution
		{CC8BE17A-4E7B-4514-A518-06695C71F5B9}.Debug|Any CPU.ActiveCfg = Debug|Any CPU
		{CC8BE17A-4E7B-4514-A518-06695C71F5B9}.Debug|Any CPU.Build.0 = Debug|Any CPU
		{CC8BE17A-4E7B-4514-A518-06695C71F5B9}.Release|Any CPU.ActiveCfg = Release|Any CPU
		{CC8BE17A-4E7B-4514-A518-06695C71F5B9}.Release|Any CPU.Build.0 = Release|Any CPU
	EndGlobalSection
	GlobalSection(SolutionProperties) = preSolution
		HideSolutionNode = FALSE
	EndGlobalSection
	GlobalSection(ExtensibilityGlobals) = postSolution
		SolutionGuid = {69BD96FA-2A51-4CF8-B847-BD2B855561D9}
	EndGlobalSection
EndGlobal
